// !$*UTF8*$!
{
	archiveVersion = 1;
	classes = {
	};
	objectVersion = 46;
	objects = {

/* Begin PBXBuildFile section */
		7B76B1271E72C0E1006A80C6 /* AppDelegate.swift in Sources */ = {isa = PBXBuildFile; fileRef = 7B76B1261E72C0E1006A80C6 /* AppDelegate.swift */; };
		7B76B12E1E72C0E1006A80C6 /* Assets.xcassets in Resources */ = {isa = PBXBuildFile; fileRef = 7B76B12D1E72C0E1006A80C6 /* Assets.xcassets */; };
		7B76B1311E72C0E1006A80C6 /* LaunchScreen.storyboard in Resources */ = {isa = PBXBuildFile; fileRef = 7B76B12F1E72C0E1006A80C6 /* LaunchScreen.storyboard */; };
		7B76B13C1E72C0E1006A80C6 /* CalilClientTests.swift in Sources */ = {isa = PBXBuildFile; fileRef = 7B76B13B1E72C0E1006A80C6 /* CalilClientTests.swift */; };
		7B76B1471E72C0E1006A80C6 /* CalilClientUITests.swift in Sources */ = {isa = PBXBuildFile; fileRef = 7B76B1461E72C0E1006A80C6 /* CalilClientUITests.swift */; };
		7B76B1661E72C1F8006A80C6 /* Config.swift in Sources */ = {isa = PBXBuildFile; fileRef = 7B76B1541E72C1F8006A80C6 /* Config.swift */; };
		7B76B1671E72C1F8006A80C6 /* UI.swift in Sources */ = {isa = PBXBuildFile; fileRef = 7B76B1561E72C1F8006A80C6 /* UI.swift */; };
		7B76B1681E72C1F8006A80C6 /* LibraryCell.swift in Sources */ = {isa = PBXBuildFile; fileRef = 7B76B1591E72C1F8006A80C6 /* LibraryCell.swift */; };
		7B76B1691E72C1F8006A80C6 /* LibraryListViewController.swift in Sources */ = {isa = PBXBuildFile; fileRef = 7B76B15A1E72C1F8006A80C6 /* LibraryListViewController.swift */; };
		7B76B16A1E72C1F8006A80C6 /* ActionCreator.swift in Sources */ = {isa = PBXBuildFile; fileRef = 7B76B15D1E72C1F8006A80C6 /* ActionCreator.swift */; };
		7B76B16B1E72C1F8006A80C6 /* Actions.swift in Sources */ = {isa = PBXBuildFile; fileRef = 7B76B15F1E72C1F8006A80C6 /* Actions.swift */; };
		7B76B16C1E72C1F8006A80C6 /* Library.swift in Sources */ = {isa = PBXBuildFile; fileRef = 7B76B1611E72C1F8006A80C6 /* Library.swift */; };
		7B76B16D1E72C1F8006A80C6 /* CalilReducer.swift in Sources */ = {isa = PBXBuildFile; fileRef = 7B76B1631E72C1F8006A80C6 /* CalilReducer.swift */; };
		7B76B16E1E72C1F8006A80C6 /* AppState.swift in Sources */ = {isa = PBXBuildFile; fileRef = 7B76B1651E72C1F8006A80C6 /* AppState.swift */; };
		7B76B1751E72CB0A006A80C6 /* icon60@2x.png in Resources */ = {isa = PBXBuildFile; fileRef = 7B76B1711E72CB0A006A80C6 /* icon60@2x.png */; };
		7B76B1761E72CB0A006A80C6 /* icon60@3x.png in Resources */ = {isa = PBXBuildFile; fileRef = 7B76B1721E72CB0A006A80C6 /* icon60@3x.png */; };
		A0623695C35937790E56A9B1 /* Pods_CalilClient.framework in Frameworks */ = {isa = PBXBuildFile; fileRef = 77F9E873317CC3F1E1C20329 /* Pods_CalilClient.framework */; };
/* End PBXBuildFile section */

/* Begin PBXContainerItemProxy section */
		7B76B1381E72C0E1006A80C6 /* PBXContainerItemProxy */ = {
			isa = PBXContainerItemProxy;
			containerPortal = 7B76B11B1E72C0E1006A80C6 /* Project object */;
			proxyType = 1;
			remoteGlobalIDString = 7B76B1221E72C0E1006A80C6;
			remoteInfo = CalilClient;
		};
		7B76B1431E72C0E1006A80C6 /* PBXContainerItemProxy */ = {
			isa = PBXContainerItemProxy;
			containerPortal = 7B76B11B1E72C0E1006A80C6 /* Project object */;
			proxyType = 1;
			remoteGlobalIDString = 7B76B1221E72C0E1006A80C6;
			remoteInfo = CalilClient;
		};
/* End PBXContainerItemProxy section */

/* Begin PBXFileReference section */
		77F9E873317CC3F1E1C20329 /* Pods_CalilClient.framework */ = {isa = PBXFileReference; explicitFileType = wrapper.framework; includeInIndex = 0; path = Pods_CalilClient.framework; sourceTree = BUILT_PRODUCTS_DIR; };
		7B76B1231E72C0E1006A80C6 /* CalilClient.app */ = {isa = PBXFileReference; explicitFileType = wrapper.application; includeInIndex = 0; path = CalilClient.app; sourceTree = BUILT_PRODUCTS_DIR; };
		7B76B1261E72C0E1006A80C6 /* AppDelegate.swift */ = {isa = PBXFileReference; lastKnownFileType = sourcecode.swift; path = AppDelegate.swift; sourceTree = "<group>"; };
		7B76B12D1E72C0E1006A80C6 /* Assets.xcassets */ = {isa = PBXFileReference; lastKnownFileType = folder.assetcatalog; path = Assets.xcassets; sourceTree = "<group>"; };
		7B76B1301E72C0E1006A80C6 /* Base */ = {isa = PBXFileReference; lastKnownFileType = file.storyboard; name = Base; path = Base.lproj/LaunchScreen.storyboard; sourceTree = "<group>"; };
		7B76B1321E72C0E1006A80C6 /* Info.plist */ = {isa = PBXFileReference; lastKnownFileType = text.plist.xml; path = Info.plist; sourceTree = "<group>"; };
		7B76B1371E72C0E1006A80C6 /* CalilClientTests.xctest */ = {isa = PBXFileReference; explicitFileType = wrapper.cfbundle; includeInIndex = 0; path = CalilClientTests.xctest; sourceTree = BUILT_PRODUCTS_DIR; };
		7B76B13B1E72C0E1006A80C6 /* CalilClientTests.swift */ = {isa = PBXFileReference; lastKnownFileType = sourcecode.swift; path = CalilClientTests.swift; sourceTree = "<group>"; };
		7B76B13D1E72C0E1006A80C6 /* Info.plist */ = {isa = PBXFileReference; lastKnownFileType = text.plist.xml; path = Info.plist; sourceTree = "<group>"; };
		7B76B1421E72C0E1006A80C6 /* CalilClientUITests.xctest */ = {isa = PBXFileReference; explicitFileType = wrapper.cfbundle; includeInIndex = 0; path = CalilClientUITests.xctest; sourceTree = BUILT_PRODUCTS_DIR; };
		7B76B1461E72C0E1006A80C6 /* CalilClientUITests.swift */ = {isa = PBXFileReference; lastKnownFileType = sourcecode.swift; path = CalilClientUITests.swift; sourceTree = "<group>"; };
		7B76B1481E72C0E1006A80C6 /* Info.plist */ = {isa = PBXFileReference; lastKnownFileType = text.plist.xml; path = Info.plist; sourceTree = "<group>"; };
		7B76B1541E72C1F8006A80C6 /* Config.swift */ = {isa = PBXFileReference; fileEncoding = 4; lastKnownFileType = sourcecode.swift; path = Config.swift; sourceTree = "<group>"; };
		7B76B1561E72C1F8006A80C6 /* UI.swift */ = {isa = PBXFileReference; fileEncoding = 4; lastKnownFileType = sourcecode.swift; path = UI.swift; sourceTree = "<group>"; };
		7B76B1591E72C1F8006A80C6 /* LibraryCell.swift */ = {isa = PBXFileReference; fileEncoding = 4; lastKnownFileType = sourcecode.swift; path = LibraryCell.swift; sourceTree = "<group>"; };
		7B76B15A1E72C1F8006A80C6 /* LibraryListViewController.swift */ = {isa = PBXFileReference; fileEncoding = 4; lastKnownFileType = sourcecode.swift; path = LibraryListViewController.swift; sourceTree = "<group>"; };
		7B76B15D1E72C1F8006A80C6 /* ActionCreator.swift */ = {isa = PBXFileReference; fileEncoding = 4; lastKnownFileType = sourcecode.swift; path = ActionCreator.swift; sourceTree = "<group>"; };
		7B76B15F1E72C1F8006A80C6 /* Actions.swift */ = {isa = PBXFileReference; fileEncoding = 4; lastKnownFileType = sourcecode.swift; path = Actions.swift; sourceTree = "<group>"; };
		7B76B1611E72C1F8006A80C6 /* Library.swift */ = {isa = PBXFileReference; fileEncoding = 4; lastKnownFileType = sourcecode.swift; path = Library.swift; sourceTree = "<group>"; };
		7B76B1631E72C1F8006A80C6 /* CalilReducer.swift */ = {isa = PBXFileReference; fileEncoding = 4; lastKnownFileType = sourcecode.swift; path = CalilReducer.swift; sourceTree = "<group>"; };
		7B76B1651E72C1F8006A80C6 /* AppState.swift */ = {isa = PBXFileReference; fileEncoding = 4; lastKnownFileType = sourcecode.swift; path = AppState.swift; sourceTree = "<group>"; };
		7B76B1711E72CB0A006A80C6 /* icon60@2x.png */ = {isa = PBXFileReference; lastKnownFileType = image.png; path = "icon60@2x.png"; sourceTree = "<group>"; };
		7B76B1721E72CB0A006A80C6 /* icon60@3x.png */ = {isa = PBXFileReference; lastKnownFileType = image.png; path = "icon60@3x.png"; sourceTree = "<group>"; };
		A0B34BC5D479358D61E02C74 /* Pods-CalilClient.release.xcconfig */ = {isa = PBXFileReference; includeInIndex = 1; lastKnownFileType = text.xcconfig; name = "Pods-CalilClient.release.xcconfig"; path = "Pods/Target Support Files/Pods-CalilClient/Pods-CalilClient.release.xcconfig"; sourceTree = "<group>"; };
		F6F2438B754E5BC0AE316A2D /* Pods-CalilClient.debug.xcconfig */ = {isa = PBXFileReference; includeInIndex = 1; lastKnownFileType = text.xcconfig; name = "Pods-CalilClient.debug.xcconfig"; path = "Pods/Target Support Files/Pods-CalilClient/Pods-CalilClient.debug.xcconfig"; sourceTree = "<group>"; };
/* End PBXFileReference section */

/* Begin PBXFrameworksBuildPhase section */
		7B76B1201E72C0E1006A80C6 /* Frameworks */ = {
			isa = PBXFrameworksBuildPhase;
			buildActionMask = 2147483647;
			files = (
				A0623695C35937790E56A9B1 /* Pods_CalilClient.framework in Frameworks */,
			);
			runOnlyForDeploymentPostprocessing = 0;
		};
		7B76B1341E72C0E1006A80C6 /* Frameworks */ = {
			isa = PBXFrameworksBuildPhase;
			buildActionMask = 2147483647;
			files = (
			);
			runOnlyForDeploymentPostprocessing = 0;
		};
		7B76B13F1E72C0E1006A80C6 /* Frameworks */ = {
			isa = PBXFrameworksBuildPhase;
			buildActionMask = 2147483647;
			files = (
			);
			runOnlyForDeploymentPostprocessing = 0;
		};
/* End PBXFrameworksBuildPhase section */

/* Begin PBXGroup section */
		1C727D6540BB875E6A97A013 /* Frameworks */ = {
			isa = PBXGroup;
			children = (
				77F9E873317CC3F1E1C20329 /* Pods_CalilClient.framework */,
			);
			name = Frameworks;
			sourceTree = "<group>";
		};
		37EBF59FE157AAFAD2EF21BA /* Pods */ = {
			isa = PBXGroup;
			children = (
				F6F2438B754E5BC0AE316A2D /* Pods-CalilClient.debug.xcconfig */,
				A0B34BC5D479358D61E02C74 /* Pods-CalilClient.release.xcconfig */,
			);
			name = Pods;
			sourceTree = "<group>";
		};
		7B76B11A1E72C0E1006A80C6 = {
			isa = PBXGroup;
			children = (
				7B76B1251E72C0E1006A80C6 /* CalilClient */,
				7B76B13A1E72C0E1006A80C6 /* CalilClientTests */,
				7B76B1451E72C0E1006A80C6 /* CalilClientUITests */,
				7B76B1241E72C0E1006A80C6 /* Products */,
				37EBF59FE157AAFAD2EF21BA /* Pods */,
				1C727D6540BB875E6A97A013 /* Frameworks */,
			);
			sourceTree = "<group>";
		};
		7B76B1241E72C0E1006A80C6 /* Products */ = {
			isa = PBXGroup;
			children = (
				7B76B1231E72C0E1006A80C6 /* CalilClient.app */,
				7B76B1371E72C0E1006A80C6 /* CalilClientTests.xctest */,
				7B76B1421E72C0E1006A80C6 /* CalilClientUITests.xctest */,
			);
			name = Products;
			sourceTree = "<group>";
		};
		7B76B1251E72C0E1006A80C6 /* CalilClient */ = {
			isa = PBXGroup;
			children = (
				7B76B16F1E72CB0A006A80C6 /* resource */,
				7B76B1541E72C1F8006A80C6 /* Config.swift */,
				7B76B1551E72C1F8006A80C6 /* util */,
				7B76B1571E72C1F8006A80C6 /* vc */,
				7B76B15B1E72C1F8006A80C6 /* model */,
				7B76B1261E72C0E1006A80C6 /* AppDelegate.swift */,
				7B76B12D1E72C0E1006A80C6 /* Assets.xcassets */,
				7B76B12F1E72C0E1006A80C6 /* LaunchScreen.storyboard */,
				7B76B1321E72C0E1006A80C6 /* Info.plist */,
			);
			path = CalilClient;
			sourceTree = "<group>";
		};
		7B76B13A1E72C0E1006A80C6 /* CalilClientTests */ = {
			isa = PBXGroup;
			children = (
				7B76B13B1E72C0E1006A80C6 /* CalilClientTests.swift */,
				7B76B13D1E72C0E1006A80C6 /* Info.plist */,
			);
			path = CalilClientTests;
			sourceTree = "<group>";
		};
		7B76B1451E72C0E1006A80C6 /* CalilClientUITests */ = {
			isa = PBXGroup;
			children = (
				7B76B1461E72C0E1006A80C6 /* CalilClientUITests.swift */,
				7B76B1481E72C0E1006A80C6 /* Info.plist */,
			);
			path = CalilClientUITests;
			sourceTree = "<group>";
		};
		7B76B1551E72C1F8006A80C6 /* util */ = {
			isa = PBXGroup;
			children = (
				7B76B1561E72C1F8006A80C6 /* UI.swift */,
			);
			path = util;
			sourceTree = "<group>";
		};
		7B76B1571E72C1F8006A80C6 /* vc */ = {
			isa = PBXGroup;
			children = (
				7B76B1581E72C1F8006A80C6 /* list */,
			);
			path = vc;
			sourceTree = "<group>";
		};
		7B76B1581E72C1F8006A80C6 /* list */ = {
			isa = PBXGroup;
			children = (
				7B76B1591E72C1F8006A80C6 /* LibraryCell.swift */,
				7B76B15A1E72C1F8006A80C6 /* LibraryListViewController.swift */,
			);
			path = list;
			sourceTree = "<group>";
		};
		7B76B15B1E72C1F8006A80C6 /* model */ = {
			isa = PBXGroup;
			children = (
				7B76B15C1E72C1F8006A80C6 /* action */,
				7B76B1601E72C1F8006A80C6 /* entity */,
				7B76B1621E72C1F8006A80C6 /* reducer */,
				7B76B1641E72C1F8006A80C6 /* state */,
			);
			path = model;
			sourceTree = "<group>";
		};
		7B76B15C1E72C1F8006A80C6 /* action */ = {
			isa = PBXGroup;
			children = (
				7B76B15D1E72C1F8006A80C6 /* ActionCreator.swift */,
				7B76B15E1E72C1F8006A80C6 /* actions */,
			);
			path = action;
			sourceTree = "<group>";
		};
		7B76B15E1E72C1F8006A80C6 /* actions */ = {
			isa = PBXGroup;
			children = (
				7B76B15F1E72C1F8006A80C6 /* Actions.swift */,
			);
			path = actions;
			sourceTree = "<group>";
		};
		7B76B1601E72C1F8006A80C6 /* entity */ = {
			isa = PBXGroup;
			children = (
				7B76B1611E72C1F8006A80C6 /* Library.swift */,
			);
			path = entity;
			sourceTree = "<group>";
		};
		7B76B1621E72C1F8006A80C6 /* reducer */ = {
			isa = PBXGroup;
			children = (
				7B76B1631E72C1F8006A80C6 /* CalilReducer.swift */,
			);
			path = reducer;
			sourceTree = "<group>";
		};
		7B76B1641E72C1F8006A80C6 /* state */ = {
			isa = PBXGroup;
			children = (
				7B76B1651E72C1F8006A80C6 /* AppState.swift */,
			);
			path = state;
			sourceTree = "<group>";
		};
		7B76B16F1E72CB0A006A80C6 /* resource */ = {
			isa = PBXGroup;
			children = (
				7B76B1701E72CB0A006A80C6 /* icon */,
				7B76B1731E72CB0A006A80C6 /* image */,
				7B76B1741E72CB0A006A80C6 /* splash */,
			);
			path = resource;
			sourceTree = "<group>";
		};
		7B76B1701E72CB0A006A80C6 /* icon */ = {
			isa = PBXGroup;
			children = (
				7B76B1711E72CB0A006A80C6 /* icon60@2x.png */,
				7B76B1721E72CB0A006A80C6 /* icon60@3x.png */,
			);
			path = icon;
			sourceTree = "<group>";
		};
		7B76B1731E72CB0A006A80C6 /* image */ = {
			isa = PBXGroup;
			children = (
			);
			path = image;
			sourceTree = "<group>";
		};
		7B76B1741E72CB0A006A80C6 /* splash */ = {
			isa = PBXGroup;
			children = (
			);
			path = splash;
			sourceTree = "<group>";
		};
/* End PBXGroup section */

/* Begin PBXNativeTarget section */
		7B76B1221E72C0E1006A80C6 /* CalilClient */ = {
			isa = PBXNativeTarget;
			buildConfigurationList = 7B76B14B1E72C0E1006A80C6 /* Build configuration list for PBXNativeTarget "CalilClient" */;
			buildPhases = (
				A95D41BB71840C4F676D09FD /* [CP] Check Pods Manifest.lock */,
				7B76B11F1E72C0E1006A80C6 /* Sources */,
				7B76B1201E72C0E1006A80C6 /* Frameworks */,
				7B76B1211E72C0E1006A80C6 /* Resources */,
				1E6B45000320713450E80168 /* [CP] Embed Pods Frameworks */,
				6F68E628788F5C38322083B1 /* [CP] Copy Pods Resources */,
			);
			buildRules = (
			);
			dependencies = (
			);
			name = CalilClient;
			productName = CalilClient;
			productReference = 7B76B1231E72C0E1006A80C6 /* CalilClient.app */;
			productType = "com.apple.product-type.application";
		};
		7B76B1361E72C0E1006A80C6 /* CalilClientTests */ = {
			isa = PBXNativeTarget;
			buildConfigurationList = 7B76B14E1E72C0E1006A80C6 /* Build configuration list for PBXNativeTarget "CalilClientTests" */;
			buildPhases = (
				7B76B1331E72C0E1006A80C6 /* Sources */,
				7B76B1341E72C0E1006A80C6 /* Frameworks */,
				7B76B1351E72C0E1006A80C6 /* Resources */,
			);
			buildRules = (
			);
			dependencies = (
				7B76B1391E72C0E1006A80C6 /* PBXTargetDependency */,
			);
			name = CalilClientTests;
			productName = CalilClientTests;
			productReference = 7B76B1371E72C0E1006A80C6 /* CalilClientTests.xctest */;
			productType = "com.apple.product-type.bundle.unit-test";
		};
		7B76B1411E72C0E1006A80C6 /* CalilClientUITests */ = {
			isa = PBXNativeTarget;
			buildConfigurationList = 7B76B1511E72C0E1006A80C6 /* Build configuration list for PBXNativeTarget "CalilClientUITests" */;
			buildPhases = (
				7B76B13E1E72C0E1006A80C6 /* Sources */,
				7B76B13F1E72C0E1006A80C6 /* Frameworks */,
				7B76B1401E72C0E1006A80C6 /* Resources */,
			);
			buildRules = (
			);
			dependencies = (
				7B76B1441E72C0E1006A80C6 /* PBXTargetDependency */,
			);
			name = CalilClientUITests;
			productName = CalilClientUITests;
			productReference = 7B76B1421E72C0E1006A80C6 /* CalilClientUITests.xctest */;
			productType = "com.apple.product-type.bundle.ui-testing";
		};
/* End PBXNativeTarget section */

/* Begin PBXProject section */
		7B76B11B1E72C0E1006A80C6 /* Project object */ = {
			isa = PBXProject;
			attributes = {
				LastSwiftUpdateCheck = 0820;
				LastUpgradeCheck = 0820;
				ORGANIZATIONNAME = "u kawse";
				TargetAttributes = {
					7B76B1221E72C0E1006A80C6 = {
						CreatedOnToolsVersion = 8.2.1;
						DevelopmentTeam = RHQWK52K6D;
						ProvisioningStyle = Automatic;
					};
					7B76B1361E72C0E1006A80C6 = {
						CreatedOnToolsVersion = 8.2.1;
						DevelopmentTeam = RHQWK52K6D;
						ProvisioningStyle = Automatic;
						TestTargetID = 7B76B1221E72C0E1006A80C6;
					};
					7B76B1411E72C0E1006A80C6 = {
						CreatedOnToolsVersion = 8.2.1;
						DevelopmentTeam = RHQWK52K6D;
						ProvisioningStyle = Automatic;
						TestTargetID = 7B76B1221E72C0E1006A80C6;
					};
				};
			};
			buildConfigurationList = 7B76B11E1E72C0E1006A80C6 /* Build configuration list for PBXProject "CalilClient" */;
			compatibilityVersion = "Xcode 3.2";
			developmentRegion = English;
			hasScannedForEncodings = 0;
			knownRegions = (
				en,
				Base,
			);
			mainGroup = 7B76B11A1E72C0E1006A80C6;
			productRefGroup = 7B76B1241E72C0E1006A80C6 /* Products */;
			projectDirPath = "";
			projectRoot = "";
			targets = (
				7B76B1221E72C0E1006A80C6 /* CalilClient */,
				7B76B1361E72C0E1006A80C6 /* CalilClientTests */,
				7B76B1411E72C0E1006A80C6 /* CalilClientUITests */,
			);
		};
/* End PBXProject section */

/* Begin PBXResourcesBuildPhase section */
		7B76B1211E72C0E1006A80C6 /* Resources */ = {
			isa = PBXResourcesBuildPhase;
			buildActionMask = 2147483647;
			files = (
				7B76B1751E72CB0A006A80C6 /* icon60@2x.png in Resources */,
				7B76B1311E72C0E1006A80C6 /* LaunchScreen.storyboard in Resources */,
				7B76B1761E72CB0A006A80C6 /* icon60@3x.png in Resources */,
				7B76B12E1E72C0E1006A80C6 /* Assets.xcassets in Resources */,
			);
			runOnlyForDeploymentPostprocessing = 0;
		};
		7B76B1351E72C0E1006A80C6 /* Resources */ = {
			isa = PBXResourcesBuildPhase;
			buildActionMask = 2147483647;
			files = (
			);
			runOnlyForDeploymentPostprocessing = 0;
		};
		7B76B1401E72C0E1006A80C6 /* Resources */ = {
			isa = PBXResourcesBuildPhase;
			buildActionMask = 2147483647;
			files = (
			);
			runOnlyForDeploymentPostprocessing = 0;
		};
/* End PBXResourcesBuildPhase section */

/* Begin PBXShellScriptBuildPhase section */
		1E6B45000320713450E80168 /* [CP] Embed Pods Frameworks */ = {
			isa = PBXShellScriptBuildPhase;
			buildActionMask = 2147483647;
			files = (
			);
			inputPaths = (
			);
			name = "[CP] Embed Pods Frameworks";
			outputPaths = (
			);
			runOnlyForDeploymentPostprocessing = 0;
			shellPath = /bin/sh;
			shellScript = "\"${SRCROOT}/Pods/Target Support Files/Pods-CalilClient/Pods-CalilClient-frameworks.sh\"\n";
			showEnvVarsInLog = 0;
		};
		6F68E628788F5C38322083B1 /* [CP] Copy Pods Resources */ = {
			isa = PBXShellScriptBuildPhase;
			buildActionMask = 2147483647;
			files = (
			);
			inputPaths = (
			);
			name = "[CP] Copy Pods Resources";
			outputPaths = (
			);
			runOnlyForDeploymentPostprocessing = 0;
			shellPath = /bin/sh;
			shellScript = "\"${SRCROOT}/Pods/Target Support Files/Pods-CalilClient/Pods-CalilClient-resources.sh\"\n";
			showEnvVarsInLog = 0;
		};
		A95D41BB71840C4F676D09FD /* [CP] Check Pods Manifest.lock */ = {
			isa = PBXShellScriptBuildPhase;
			buildActionMask = 2147483647;
			files = (
			);
			inputPaths = (
			);
			name = "[CP] Check Pods Manifest.lock";
			outputPaths = (
			);
			runOnlyForDeploymentPostprocessing = 0;
			shellPath = /bin/sh;
			shellScript = "diff \"${PODS_ROOT}/../Podfile.lock\" \"${PODS_ROOT}/Manifest.lock\" > /dev/null\nif [ $? != 0 ] ; then\n    # print error to STDERR\n    echo \"error: The sandbox is not in sync with the Podfile.lock. Run 'pod install' or update your CocoaPods installation.\" >&2\n    exit 1\nfi\n";
			showEnvVarsInLog = 0;
		};
/* End PBXShellScriptBuildPhase section */

/* Begin PBXSourcesBuildPhase section */
		7B76B11F1E72C0E1006A80C6 /* Sources */ = {
			isa = PBXSourcesBuildPhase;
			buildActionMask = 2147483647;
			files = (
				7B76B1681E72C1F8006A80C6 /* LibraryCell.swift in Sources */,
				7B76B16B1E72C1F8006A80C6 /* Actions.swift in Sources */,
				7B76B16D1E72C1F8006A80C6 /* CalilReducer.swift in Sources */,
				7B76B1671E72C1F8006A80C6 /* UI.swift in Sources */,
				7B76B1271E72C0E1006A80C6 /* AppDelegate.swift in Sources */,
				7B76B16E1E72C1F8006A80C6 /* AppState.swift in Sources */,
				7B76B16A1E72C1F8006A80C6 /* ActionCreator.swift in Sources */,
				7B76B1691E72C1F8006A80C6 /* LibraryListViewController.swift in Sources */,
				7B76B1661E72C1F8006A80C6 /* Config.swift in Sources */,
				7B76B16C1E72C1F8006A80C6 /* Library.swift in Sources */,
			);
			runOnlyForDeploymentPostprocessing = 0;
		};
		7B76B1331E72C0E1006A80C6 /* Sources */ = {
			isa = PBXSourcesBuildPhase;
			buildActionMask = 2147483647;
			files = (
				7B76B13C1E72C0E1006A80C6 /* CalilClientTests.swift in Sources */,
			);
			runOnlyForDeploymentPostprocessing = 0;
		};
		7B76B13E1E72C0E1006A80C6 /* Sources */ = {
			isa = PBXSourcesBuildPhase;
			buildActionMask = 2147483647;
			files = (
				7B76B1471E72C0E1006A80C6 /* CalilClientUITests.swift in Sources */,
			);
			runOnlyForDeploymentPostprocessing = 0;
		};
/* End PBXSourcesBuildPhase section */

/* Begin PBXTargetDependency section */
		7B76B1391E72C0E1006A80C6 /* PBXTargetDependency */ = {
			isa = PBXTargetDependency;
			target = 7B76B1221E72C0E1006A80C6 /* CalilClient */;
			targetProxy = 7B76B1381E72C0E1006A80C6 /* PBXContainerItemProxy */;
		};
		7B76B1441E72C0E1006A80C6 /* PBXTargetDependency */ = {
			isa = PBXTargetDependency;
			target = 7B76B1221E72C0E1006A80C6 /* CalilClient */;
			targetProxy = 7B76B1431E72C0E1006A80C6 /* PBXContainerItemProxy */;
		};
/* End PBXTargetDependency section */

/* Begin PBXVariantGroup section */
		7B76B12F1E72C0E1006A80C6 /* LaunchScreen.storyboard */ = {
			isa = PBXVariantGroup;
			children = (
				7B76B1301E72C0E1006A80C6 /* Base */,
			);
			name = LaunchScreen.storyboard;
			sourceTree = "<group>";
		};
/* End PBXVariantGroup section */

/* Begin XCBuildConfiguration section */
		7B76B1491E72C0E1006A80C6 /* Debug */ = {
			isa = XCBuildConfiguration;
			buildSettings = {
				ALWAYS_SEARCH_USER_PATHS = NO;
				CLANG_ANALYZER_NONNULL = YES;
				CLANG_CXX_LANGUAGE_STANDARD = "gnu++0x";
				CLANG_CXX_LIBRARY = "libc++";
				CLANG_ENABLE_MODULES = YES;
				CLANG_ENABLE_OBJC_ARC = YES;
				CLANG_WARN_BOOL_CONVERSION = YES;
				CLANG_WARN_CONSTANT_CONVERSION = YES;
				CLANG_WARN_DIRECT_OBJC_ISA_USAGE = YES_ERROR;
				CLANG_WARN_DOCUMENTATION_COMMENTS = YES;
				CLANG_WARN_EMPTY_BODY = YES;
				CLANG_WARN_ENUM_CONVERSION = YES;
				CLANG_WARN_INFINITE_RECURSION = YES;
				CLANG_WARN_INT_CONVERSION = YES;
				CLANG_WARN_OBJC_ROOT_CLASS = YES_ERROR;
				CLANG_WARN_SUSPICIOUS_MOVE = YES;
				CLANG_WARN_UNREACHABLE_CODE = YES;
				CLANG_WARN__DUPLICATE_METHOD_MATCH = YES;
				"CODE_SIGN_IDENTITY[sdk=iphoneos*]" = "iPhone Developer";
				COPY_PHASE_STRIP = NO;
				DEBUG_INFORMATION_FORMAT = dwarf;
				ENABLE_STRICT_OBJC_MSGSEND = YES;
				ENABLE_TESTABILITY = YES;
				GCC_C_LANGUAGE_STANDARD = gnu99;
				GCC_DYNAMIC_NO_PIC = NO;
				GCC_NO_COMMON_BLOCKS = YES;
				GCC_OPTIMIZATION_LEVEL = 0;
				GCC_PREPROCESSOR_DEFINITIONS = (
					"DEBUG=1",
					"$(inherited)",
				);
				GCC_WARN_64_TO_32_BIT_CONVERSION = YES;
				GCC_WARN_ABOUT_RETURN_TYPE = YES_ERROR;
				GCC_WARN_UNDECLARED_SELECTOR = YES;
				GCC_WARN_UNINITIALIZED_AUTOS = YES_AGGRESSIVE;
				GCC_WARN_UNUSED_FUNCTION = YES;
				GCC_WARN_UNUSED_VARIABLE = YES;
				IPHONEOS_DEPLOYMENT_TARGET = 10.2;
				MTL_ENABLE_DEBUG_INFO = YES;
				ONLY_ACTIVE_ARCH = YES;
				SDKROOT = iphoneos;
				SWIFT_ACTIVE_COMPILATION_CONDITIONS = DEBUG;
				SWIFT_OPTIMIZATION_LEVEL = "-Onone";
			};
			name = Debug;
		};
		7B76B14A1E72C0E1006A80C6 /* Release */ = {
			isa = XCBuildConfiguration;
			buildSettings = {
				ALWAYS_SEARCH_USER_PATHS = NO;
				CLANG_ANALYZER_NONNULL = YES;
				CLANG_CXX_LANGUAGE_STANDARD = "gnu++0x";
				CLANG_CXX_LIBRARY = "libc++";
				CLANG_ENABLE_MODULES = YES;
				CLANG_ENABLE_OBJC_ARC = YES;
				CLANG_WARN_BOOL_CONVERSION = YES;
				CLANG_WARN_CONSTANT_CONVERSION = YES;
				CLANG_WARN_DIRECT_OBJC_ISA_USAGE = YES_ERROR;
				CLANG_WARN_DOCUMENTATION_COMMENTS = YES;
				CLANG_WARN_EMPTY_BODY = YES;
				CLANG_WARN_ENUM_CONVERSION = YES;
				CLANG_WARN_INFINITE_RECURSION = YES;
				CLANG_WARN_INT_CONVERSION = YES;
				CLANG_WARN_OBJC_ROOT_CLASS = YES_ERROR;
				CLANG_WARN_SUSPICIOUS_MOVE = YES;
				CLANG_WARN_UNREACHABLE_CODE = YES;
				CLANG_WARN__DUPLICATE_METHOD_MATCH = YES;
				"CODE_SIGN_IDENTITY[sdk=iphoneos*]" = "iPhone Developer";
				COPY_PHASE_STRIP = NO;
				DEBUG_INFORMATION_FORMAT = "dwarf-with-dsym";
				ENABLE_NS_ASSERTIONS = NO;
				ENABLE_STRICT_OBJC_MSGSEND = YES;
				GCC_C_LANGUAGE_STANDARD = gnu99;
				GCC_NO_COMMON_BLOCKS = YES;
				GCC_WARN_64_TO_32_BIT_CONVERSION = YES;
				GCC_WARN_ABOUT_RETURN_TYPE = YES_ERROR;
				GCC_WARN_UNDECLARED_SELECTOR = YES;
				GCC_WARN_UNINITIALIZED_AUTOS = YES_AGGRESSIVE;
				GCC_WARN_UNUSED_FUNCTION = YES;
				GCC_WARN_UNUSED_VARIABLE = YES;
				IPHONEOS_DEPLOYMENT_TARGET = 10.2;
				MTL_ENABLE_DEBUG_INFO = NO;
				SDKROOT = iphoneos;
				SWIFT_OPTIMIZATION_LEVEL = "-Owholemodule";
				VALIDATE_PRODUCT = YES;
			};
			name = Release;
		};
		7B76B14C1E72C0E1006A80C6 /* Debug */ = {
			isa = XCBuildConfiguration;
			baseConfigurationReference = F6F2438B754E5BC0AE316A2D /* Pods-CalilClient.debug.xcconfig */;
			buildSettings = {
				ASSETCATALOG_COMPILER_APPICON_NAME = AppIcon;
				DEVELOPMENT_TEAM = RHQWK52K6D;
				INFOPLIST_FILE = CalilClient/Info.plist;
				IPHONEOS_DEPLOYMENT_TARGET = 9.0;
				LD_RUNPATH_SEARCH_PATHS = "$(inherited) @executable_path/Frameworks";
				PRODUCT_BUNDLE_IDENTIFIER = com.nakadoribooks.CalilClient;
				PRODUCT_NAME = "$(TARGET_NAME)";
				SWIFT_VERSION = 3.0;
			};
			name = Debug;
		};
		7B76B14D1E72C0E1006A80C6 /* Release */ = {
			isa = XCBuildConfiguration;
			baseConfigurationReference = A0B34BC5D479358D61E02C74 /* Pods-CalilClient.release.xcconfig */;
			buildSettings = {
				ASSETCATALOG_COMPILER_APPICON_NAME = AppIcon;
				DEVELOPMENT_TEAM = RHQWK52K6D;
				INFOPLIST_FILE = CalilClient/Info.plist;
				IPHONEOS_DEPLOYMENT_TARGET = 9.0;
				LD_RUNPATH_SEARCH_PATHS = "$(inherited) @executable_path/Frameworks";
				PRODUCT_BUNDLE_IDENTIFIER = com.nakadoribooks.CalilClient;
				PRODUCT_NAME = "$(TARGET_NAME)";
				SWIFT_VERSION = 3.0;
			};
			name = Release;
		};
		7B76B14F1E72C0E1006A80C6 /* Debug */ = {
			isa = XCBuildConfiguration;
			buildSettings = {
				ALWAYS_EMBED_SWIFT_STANDARD_LIBRARIES = YES;
				BUNDLE_LOADER = "$(TEST_HOST)";
				DEVELOPMENT_TEAM = RHQWK52K6D;
				INFOPLIST_FILE = CalilClientTests/Info.plist;
				LD_RUNPATH_SEARCH_PATHS = "$(inherited) @executable_path/Frameworks @loader_path/Frameworks";
				PRODUCT_BUNDLE_IDENTIFIER = com.nakadoribooks.CalilClientTests;
				PRODUCT_NAME = "$(TARGET_NAME)";
				SWIFT_VERSION = 3.0;
				TEST_HOST = "$(BUILT_PRODUCTS_DIR)/CalilClient.app/CalilClient";
			};
			name = Debug;
		};
		7B76B1501E72C0E1006A80C6 /* Release */ = {
			isa = XCBuildConfiguration;
			buildSettings = {
				ALWAYS_EMBED_SWIFT_STANDARD_LIBRARIES = YES;
				BUNDLE_LOADER = "$(TEST_HOST)";
				DEVELOPMENT_TEAM = RHQWK52K6D;
				INFOPLIST_FILE = CalilClientTests/Info.plist;
				LD_RUNPATH_SEARCH_PATHS = "$(inherited) @executable_path/Frameworks @loader_path/Frameworks";
				PRODUCT_BUNDLE_IDENTIFIER = com.nakadoribooks.CalilClientTests;
				PRODUCT_NAME = "$(TARGET_NAME)";
				SWIFT_VERSION = 3.0;
				TEST_HOST = "$(BUILT_PRODUCTS_DIR)/CalilClient.app/CalilClient";
			};
			name = Release;
		};
		7B76B1521E72C0E1006A80C6 /* Debug */ = {
			isa = XCBuildConfiguration;
			buildSettings = {
				ALWAYS_EMBED_SWIFT_STANDARD_LIBRARIES = YES;
				DEVELOPMENT_TEAM = RHQWK52K6D;
				INFOPLIST_FILE = CalilClientUITests/Info.plist;
				LD_RUNPATH_SEARCH_PATHS = "$(inherited) @executable_path/Frameworks @loader_path/Frameworks";
				PRODUCT_BUNDLE_IDENTIFIER = com.nakadoribooks.CalilClientUITests;
				PRODUCT_NAME = "$(TARGET_NAME)";
				SWIFT_VERSION = 3.0;
				TEST_TARGET_NAME = CalilClient;
			};
			name = Debug;
		};
		7B76B1531E72C0E1006A80C6 /* Release */ = {
			isa = XCBuildConfiguration;
			buildSettings = {
				ALWAYS_EMBED_SWIFT_STANDARD_LIBRARIES = YES;
				DEVELOPMENT_TEAM = RHQWK52K6D;
				INFOPLIST_FILE = CalilClientUITests/Info.plist;
				LD_RUNPATH_SEARCH_PATHS = "$(inherited) @executable_path/Frameworks @loader_path/Frameworks";
				PRODUCT_BUNDLE_IDENTIFIER = com.nakadoribooks.CalilClientUITests;
				PRODUCT_NAME = "$(TARGET_NAME)";
				SWIFT_VERSION = 3.0;
				TEST_TARGET_NAME = CalilClient;
			};
			name = Release;
		};
/* End XCBuildConfiguration section */

/* Begin XCConfigurationList section */
		7B76B11E1E72C0E1006A80C6 /* Build configuration list for PBXProject "CalilClient" */ = {
			isa = XCConfigurationList;
			buildConfigurations = (
				7B76B1491E72C0E1006A80C6 /* Debug */,
				7B76B14A1E72C0E1006A80C6 /* Release */,
			);
			defaultConfigurationIsVisible = 0;
			defaultConfigurationName = Release;
		};
		7B76B14B1E72C0E1006A80C6 /* Build configuration list for PBXNativeTarget "CalilClient" */ = {
			isa = XCConfigurationList;
			buildConfigurations = (
				7B76B14C1E72C0E1006A80C6 /* Debug */,
				7B76B14D1E72C0E1006A80C6 /* Release */,
			);
			defaultConfigurationIsVisible = 0;
			defaultConfigurationName = Release;
		};
		7B76B14E1E72C0E1006A80C6 /* Build configuration list for PBXNativeTarget "CalilClientTests" */ = {
			isa = XCConfigurationList;
			buildConfigurations = (
				7B76B14F1E72C0E1006A80C6 /* Debug */,
				7B76B1501E72C0E1006A80C6 /* Release */,
			);
			defaultConfigurationIsVisible = 0;
			defaultConfigurationName = Release;
		};
		7B76B1511E72C0E1006A80C6 /* Build configuration list for PBXNativeTarget "CalilClientUITests" */ = {
			isa = XCConfigurationList;
			buildConfigurations = (
				7B76B1521E72C0E1006A80C6 /* Debug */,
				7B76B1531E72C0E1006A80C6 /* Release */,
			);
			defaultConfigurationIsVisible = 0;
			defaultConfigurationName = Release;
		};
/* End XCConfigurationList section */
	};
	rootObject = 7B76B11B1E72C0E1006A80C6 /* Project object */;
}
